
Microsoft Visual Studio Solution File, Format Version 12.00
# Visual Studio 15
Project("{FAE04EC0-301F-11D3-BF4B-00C04F79EFBC}") = "UnityEditor.UI", "UnityEditor.UI.csproj", "{46D9351F-39CF-AD26-DB47-5639481DF58C}"
EndProject
Project("{FAE04EC0-301F-11D3-BF4B-00C04F79EFBC}") = "Unity.2D.Tilemap.Editor", "Unity.2D.Tilemap.Editor.csproj", "{592B3FDE-66D2-1D0C-53BC-B3002163DE2E}"
EndProject
Project("{FAE04EC0-301F-11D3-BF4B-00C04F79EFBC}") = "UnityEngine.UI", "UnityEngine.UI.csproj", "{28CC97B9-C116-923F-3FB3-9C21F9DAAEA6}"
EndProject
Project("{FAE04EC0-301F-11D3-BF4B-00C04F79EFBC}") = "Assembly-CSharp", "Assembly-CSharp.csproj", "{56587E7E-3405-C127-1F06-B0A2DB9EBF07}"
EndProject
Project("{FAE04EC0-301F-11D3-BF4B-00C04F79EFBC}") = "Assembly-CSharp-firstpass", "Assembly-CSharp-firstpass.csproj", "{1BE627B9-581C-356B-FAFF-62B57CA60470}"
EndProject
Project("{FAE04EC0-301F-11D3-BF4B-00C04F79EFBC}") = "GoogleMobileAds.Editor", "GoogleMobileAds.Editor.csproj", "{55B6F641-A4E0-9791-D25E-23FAA0B7C8BC}"
EndProject
Project("{FAE04EC0-301F-11D3-BF4B-00C04F79EFBC}") = "Unity.2D.Sprite.Editor", "Unity.2D.Sprite.Editor.csproj", "{87193073-DA72-33B7-BF7E-BC4B2B6F38A0}"
EndProject
Project("{FAE04EC0-301F-11D3-BF4B-00C04F79EFBC}") = "Assembly-CSharp-Editor-firstpass", "Assembly-CSharp-Editor-firstpass.csproj", "{03C1F01C-8BDC-1854-650C-2469334A893E}"
EndProject
Global
	GlobalSection(SolutionConfigurationPlatforms) = preSolution
		Debug|Any CPU = Debug|Any CPU
		Release|Any CPU = Release|Any CPU
	EndGlobalSection
	GlobalSection(ProjectConfigurationPlatforms) = postSolution
		{46D9351F-39CF-AD26-DB47-5639481DF58C}.Debug|Any CPU.ActiveCfg = Debug|Any CPU
		{46D9351F-39CF-AD26-DB47-5639481DF58C}.Debug|Any CPU.Build.0 = Debug|Any CPU
		{46D9351F-39CF-AD26-DB47-5639481DF58C}.Release|Any CPU.ActiveCfg = Release|Any CPU
		{46D9351F-39CF-AD26-DB47-5639481DF58C}.Release|Any CPU.Build.0 = Release|Any CPU
		{592B3FDE-66D2-1D0C-53BC-B3002163DE2E}.Debug|Any CPU.ActiveCfg = Debug|Any CPU
		{592B3FDE-66D2-1D0C-53BC-B3002163DE2E}.Debug|Any CPU.Build.0 = Debug|Any CPU
		{592B3FDE-66D2-1D0C-53BC-B3002163DE2E}.Release|Any CPU.ActiveCfg = Release|Any CPU
		{592B3FDE-66D2-1D0C-53BC-B3002163DE2E}.Release|Any CPU.Build.0 = Release|Any CPU
		{28CC97B9-C116-923F-3FB3-9C21F9DAAEA6}.Debug|Any CPU.ActiveCfg = Debug|Any CPU
		{28CC97B9-C116-923F-3FB3-9C21F9DAAEA6}.Debug|Any CPU.Build.0 = Debug|Any CPU
		{28CC97B9-C116-923F-3FB3-9C21F9DAAEA6}.Release|Any CPU.ActiveCfg = Release|Any CPU
		{28CC97B9-C116-923F-3FB3-9C21F9DAAEA6}.Release|Any CPU.Build.0 = Release|Any CPU
		{56587E7E-3405-C127-1F06-B0A2DB9EBF07}.Debug|Any CPU.ActiveCfg = Debug|Any CPU
		{56587E7E-3405-C127-1F06-B0A2DB9EBF07}.Debug|Any CPU.Build.0 = Debug|Any CPU
		{56587E7E-3405-C127-1F06-B0A2DB9EBF07}.Release|Any CPU.ActiveCfg = Release|Any CPU
		{56587E7E-3405-C127-1F06-B0A2DB9EBF07}.Release|Any CPU.Build.0 = Release|Any CPU
		{1BE627B9-581C-356B-FAFF-62B57CA60470}.Debug|Any CPU.ActiveCfg = Debug|Any CPU
		{1BE627B9-581C-356B-FAFF-62B57CA60470}.Debug|Any CPU.Build.0 = Debug|Any CPU
		{1BE627B9-581C-356B-FAFF-62B57CA60470}.Release|Any CPU.ActiveCfg = Release|Any CPU
		{1BE627B9-581C-356B-FAFF-62B57CA60470}.Release|Any CPU.Build.0 = Release|Any CPU
		{55B6F641-A4E0-9791-D25E-23FAA0B7C8BC}.Debug|Any CPU.ActiveCfg = Debug|Any CPU
		{55B6F641-A4E0-9791-D25E-23FAA0B7C8BC}.Debug|Any CPU.Build.0 = Debug|Any CPU
		{55B6F641-A4E0-9791-D25E-23FAA0B7C8BC}.Release|Any CPU.ActiveCfg = Release|Any CPU
		{55B6F641-A4E0-9791-D25E-23FAA0B7C8BC}.Release|Any CPU.Build.0 = Release|Any CPU
		{87193073-DA72-33B7-BF7E-BC4B2B6F38A0}.Debug|Any CPU.ActiveCfg = Debug|Any CPU
		{87193073-DA72-33B7-BF7E-BC4B2B6F38A0}.Debug|Any CPU.Build.0 = Debug|Any CPU
		{87193073-DA72-33B7-BF7E-BC4B2B6F38A0}.Release|Any CPU.ActiveCfg = Release|Any CPU
		{87193073-DA72-33B7-BF7E-BC4B2B6F38A0}.Release|Any CPU.Build.0 = Release|Any CPU
		{03C1F01C-8BDC-1854-650C-2469334A893E}.Debug|Any CPU.ActiveCfg = Debug|Any CPU
		{03C1F01C-8BDC-1854-650C-2469334A893E}.Debug|Any CPU.Build.0 = Debug|Any CPU
		{03C1F01C-8BDC-1854-650C-2469334A893E}.Release|Any CPU.ActiveCfg = Release|Any CPU
		{03C1F01C-8BDC-1854-650C-2469334A893E}.Release|Any CPU.Build.0 = Release|Any CPU
	EndGlobalSection
	GlobalSection(SolutionProperties) = preSolution
		HideSolutionNode = FALSE
	EndGlobalSection
EndGlobal
